# This file is autogenerated, do not edit; changes may be undone by the next 'dep ensure'.


[[projects]]
  branch = "master"
  name = "github.com/aead/chacha20"
  packages = ["chacha"]
  revision = "e2538746bfea853aaa589feb8ec46bd46ee78f86"

[[projects]]
  branch = "master"
  name = "github.com/aead/chacha20poly1305"
  packages = ["."]
  revision = "233f39982aeb502bfca81558666747bec91cf00c"

[[projects]]
  branch = "master"
  name = "github.com/aead/poly1305"
  packages = ["."]
  revision = "969857f48f7ae439b6d2449ed1dcd9aaabc49c67"

[[projects]]
  name = "github.com/o1egl/paseto"
  packages = ["."]
  revision = "c415efaa3602cca710a5ea40288b0af91c64a285"
  version = "v0.2.0"

[[projects]]
  branch = "master"
  name = "golang.org/x/crypto"
  packages = [
    "blake2b",
    "ed25519",
    "ed25519/internal/edwards25519",
    "hkdf"
  ]
  revision = "2d027ae1dddd4694d54f7a8b6cbe78dca8720226"

[[projects]]
  branch = "master"
  name = "golang.org/x/sys"
  packages = ["cpu"]
  revision = "d0faeb539838e250bd0a9db4182d48d4a1915181"

[solve-meta]
  analyzer-name = "dep"
  analyzer-version = 1
  inputs-digest = "5ecc3527e2709d92bde7c4227e6d2d27a48c2516d825bcb1098eccfc591185c9"
  solver-name = "gps-cdcl"
  solver-version = 1
